{
  "lockfileVersion": 1,
  "workspaces": {
    "": {
      "name": "blog",
      "dependencies": {
        "markdown-it": "^14.1.0",
        "vue": "^3.5.13",
        "vue-router": "^4.5.1",
        "vue3-markdown-it": "^1.0.10",
      },
      "devDependencies": {
        "@vitejs/plugin-vue": "^5.2.2",
        "vite": "^6.3.1",
      },
    },
  },
  "packages": {
    "@babel/helper-string-parser": ["@babel/helper-string-parser@7.27.1", "", {}, "sha512-qMlSxKbpRlAridDExk92nSobyDdpPijUq2DW6oDnUqd0iOGxmQjyqhMIihI9+zv4LPyZdRje2cavWPbCbWm3eA=="],

    "@babel/helper-validator-identifier": ["@babel/helper-validator-identifier@7.27.1", "", {}, "sha512-D2hP9eA+Sqx1kBZgzxZh0y1trbuU+JoDkiEwqhQ36nodYqJwyEIhPSdMNd7lOm/4io72luTPWH20Yda0xOuUow=="],

    "@babel/parser": ["@babel/parser@7.27.1", "", { "dependencies": { "@babel/types": "^7.27.1" }, "bin": "./bin/babel-parser.js" }, "sha512-I0dZ3ZpCrJ1c04OqlNsQcKiZlsrXf/kkE4FXzID9rIOYICsAbA8mMDzhW/luRNAHdCNt7os/u8wenklZDlUVUQ=="],

    "@babel/types": ["@babel/types@7.27.1", "", { "dependencies": { "@babel/helper-string-parser": "^7.27.1", "@babel/helper-validator-identifier": "^7.27.1" } }, "sha512-+EzkxvLNfiUeKMgy/3luqfsCWFRXLb7U6wNQTk60tovuckwB15B191tJWvpp4HjiQWdJkCxO3Wbvc6jlk3Xb2Q=="],

    "@esbuild/aix-ppc64": ["@esbuild/aix-ppc64@0.25.3", "", { "os": "aix", "cpu": "ppc64" }, "sha512-W8bFfPA8DowP8l//sxjJLSLkD8iEjMc7cBVyP+u4cEv9sM7mdUCkgsj+t0n/BWPFtv7WWCN5Yzj0N6FJNUUqBQ=="],

    "@esbuild/android-arm": ["@esbuild/android-arm@0.25.3", "", { "os": "android", "cpu": "arm" }, "sha512-PuwVXbnP87Tcff5I9ngV0lmiSu40xw1At6i3GsU77U7cjDDB4s0X2cyFuBiDa1SBk9DnvWwnGvVaGBqoFWPb7A=="],

    "@esbuild/android-arm64": ["@esbuild/android-arm64@0.25.3", "", { "os": "android", "cpu": "arm64" }, "sha512-XelR6MzjlZuBM4f5z2IQHK6LkK34Cvv6Rj2EntER3lwCBFdg6h2lKbtRjpTTsdEjD/WSe1q8UyPBXP1x3i/wYQ=="],

    "@esbuild/android-x64": ["@esbuild/android-x64@0.25.3", "", { "os": "android", "cpu": "x64" }, "sha512-ogtTpYHT/g1GWS/zKM0cc/tIebFjm1F9Aw1boQ2Y0eUQ+J89d0jFY//s9ei9jVIlkYi8AfOjiixcLJSGNSOAdQ=="],

    "@esbuild/darwin-arm64": ["@esbuild/darwin-arm64@0.25.3", "", { "os": "darwin", "cpu": "arm64" }, "sha512-eESK5yfPNTqpAmDfFWNsOhmIOaQA59tAcF/EfYvo5/QWQCzXn5iUSOnqt3ra3UdzBv073ykTtmeLJZGt3HhA+w=="],

    "@esbuild/darwin-x64": ["@esbuild/darwin-x64@0.25.3", "", { "os": "darwin", "cpu": "x64" }, "sha512-Kd8glo7sIZtwOLcPbW0yLpKmBNWMANZhrC1r6K++uDR2zyzb6AeOYtI6udbtabmQpFaxJ8uduXMAo1gs5ozz8A=="],

    "@esbuild/freebsd-arm64": ["@esbuild/freebsd-arm64@0.25.3", "", { "os": "freebsd", "cpu": "arm64" }, "sha512-EJiyS70BYybOBpJth3M0KLOus0n+RRMKTYzhYhFeMwp7e/RaajXvP+BWlmEXNk6uk+KAu46j/kaQzr6au+JcIw=="],

    "@esbuild/freebsd-x64": ["@esbuild/freebsd-x64@0.25.3", "", { "os": "freebsd", "cpu": "x64" }, "sha512-Q+wSjaLpGxYf7zC0kL0nDlhsfuFkoN+EXrx2KSB33RhinWzejOd6AvgmP5JbkgXKmjhmpfgKZq24pneodYqE8Q=="],

    "@esbuild/linux-arm": ["@esbuild/linux-arm@0.25.3", "", { "os": "linux", "cpu": "arm" }, "sha512-dUOVmAUzuHy2ZOKIHIKHCm58HKzFqd+puLaS424h6I85GlSDRZIA5ycBixb3mFgM0Jdh+ZOSB6KptX30DD8YOQ=="],

    "@esbuild/linux-arm64": ["@esbuild/linux-arm64@0.25.3", "", { "os": "linux", "cpu": "arm64" }, "sha512-xCUgnNYhRD5bb1C1nqrDV1PfkwgbswTTBRbAd8aH5PhYzikdf/ddtsYyMXFfGSsb/6t6QaPSzxtbfAZr9uox4A=="],

    "@esbuild/linux-ia32": ["@esbuild/linux-ia32@0.25.3", "", { "os": "linux", "cpu": "ia32" }, "sha512-yplPOpczHOO4jTYKmuYuANI3WhvIPSVANGcNUeMlxH4twz/TeXuzEP41tGKNGWJjuMhotpGabeFYGAOU2ummBw=="],

    "@esbuild/linux-loong64": ["@esbuild/linux-loong64@0.25.3", "", { "os": "linux", "cpu": "none" }, "sha512-P4BLP5/fjyihmXCELRGrLd793q/lBtKMQl8ARGpDxgzgIKJDRJ/u4r1A/HgpBpKpKZelGct2PGI4T+axcedf6g=="],

    "@esbuild/linux-mips64el": ["@esbuild/linux-mips64el@0.25.3", "", { "os": "linux", "cpu": "none" }, "sha512-eRAOV2ODpu6P5divMEMa26RRqb2yUoYsuQQOuFUexUoQndm4MdpXXDBbUoKIc0iPa4aCO7gIhtnYomkn2x+bag=="],

    "@esbuild/linux-ppc64": ["@esbuild/linux-ppc64@0.25.3", "", { "os": "linux", "cpu": "ppc64" }, "sha512-ZC4jV2p7VbzTlnl8nZKLcBkfzIf4Yad1SJM4ZMKYnJqZFD4rTI+pBG65u8ev4jk3/MPwY9DvGn50wi3uhdaghg=="],

    "@esbuild/linux-riscv64": ["@esbuild/linux-riscv64@0.25.3", "", { "os": "linux", "cpu": "none" }, "sha512-LDDODcFzNtECTrUUbVCs6j9/bDVqy7DDRsuIXJg6so+mFksgwG7ZVnTruYi5V+z3eE5y+BJZw7VvUadkbfg7QA=="],

    "@esbuild/linux-s390x": ["@esbuild/linux-s390x@0.25.3", "", { "os": "linux", "cpu": "s390x" }, "sha512-s+w/NOY2k0yC2p9SLen+ymflgcpRkvwwa02fqmAwhBRI3SC12uiS10edHHXlVWwfAagYSY5UpmT/zISXPMW3tQ=="],

    "@esbuild/linux-x64": ["@esbuild/linux-x64@0.25.3", "", { "os": "linux", "cpu": "x64" }, "sha512-nQHDz4pXjSDC6UfOE1Fw9Q8d6GCAd9KdvMZpfVGWSJztYCarRgSDfOVBY5xwhQXseiyxapkiSJi/5/ja8mRFFA=="],

    "@esbuild/netbsd-arm64": ["@esbuild/netbsd-arm64@0.25.3", "", { "os": "none", "cpu": "arm64" }, "sha512-1QaLtOWq0mzK6tzzp0jRN3eccmN3hezey7mhLnzC6oNlJoUJz4nym5ZD7mDnS/LZQgkrhEbEiTn515lPeLpgWA=="],

    "@esbuild/netbsd-x64": ["@esbuild/netbsd-x64@0.25.3", "", { "os": "none", "cpu": "x64" }, "sha512-i5Hm68HXHdgv8wkrt+10Bc50zM0/eonPb/a/OFVfB6Qvpiirco5gBA5bz7S2SHuU+Y4LWn/zehzNX14Sp4r27g=="],

    "@esbuild/openbsd-arm64": ["@esbuild/openbsd-arm64@0.25.3", "", { "os": "openbsd", "cpu": "arm64" }, "sha512-zGAVApJEYTbOC6H/3QBr2mq3upG/LBEXr85/pTtKiv2IXcgKV0RT0QA/hSXZqSvLEpXeIxah7LczB4lkiYhTAQ=="],

    "@esbuild/openbsd-x64": ["@esbuild/openbsd-x64@0.25.3", "", { "os": "openbsd", "cpu": "x64" }, "sha512-fpqctI45NnCIDKBH5AXQBsD0NDPbEFczK98hk/aa6HJxbl+UtLkJV2+Bvy5hLSLk3LHmqt0NTkKNso1A9y1a4w=="],

    "@esbuild/sunos-x64": ["@esbuild/sunos-x64@0.25.3", "", { "os": "sunos", "cpu": "x64" }, "sha512-ROJhm7d8bk9dMCUZjkS8fgzsPAZEjtRJqCAmVgB0gMrvG7hfmPmz9k1rwO4jSiblFjYmNvbECL9uhaPzONMfgA=="],

    "@esbuild/win32-arm64": ["@esbuild/win32-arm64@0.25.3", "", { "os": "win32", "cpu": "arm64" }, "sha512-YWcow8peiHpNBiIXHwaswPnAXLsLVygFwCB3A7Bh5jRkIBFWHGmNQ48AlX4xDvQNoMZlPYzjVOQDYEzWCqufMQ=="],

    "@esbuild/win32-ia32": ["@esbuild/win32-ia32@0.25.3", "", { "os": "win32", "cpu": "ia32" }, "sha512-qspTZOIGoXVS4DpNqUYUs9UxVb04khS1Degaw/MnfMe7goQ3lTfQ13Vw4qY/Nj0979BGvMRpAYbs/BAxEvU8ew=="],

    "@esbuild/win32-x64": ["@esbuild/win32-x64@0.25.3", "", { "os": "win32", "cpu": "x64" }, "sha512-ICgUR+kPimx0vvRzf+N/7L7tVSQeE3BYY+NhHRHXS1kBuPO7z2+7ea2HbhDyZdTephgvNvKrlDDKUexuCVBVvg=="],

    "@jridgewell/sourcemap-codec": ["@jridgewell/sourcemap-codec@1.5.0", "", {}, "sha512-gv3ZRaISU3fjPAgNsriBRqGWQL6quFx04YMPW/zD8XMLsU32mhCCbfbO6KZFLjvYpCZ8zyDEgqsgf+PwPaM7GQ=="],

    "@rollup/rollup-android-arm-eabi": ["@rollup/rollup-android-arm-eabi@4.40.1", "", { "os": "android", "cpu": "arm" }, "sha512-kxz0YeeCrRUHz3zyqvd7n+TVRlNyTifBsmnmNPtk3hQURUyG9eAB+usz6DAwagMusjx/zb3AjvDUvhFGDAexGw=="],

    "@rollup/rollup-android-arm64": ["@rollup/rollup-android-arm64@4.40.1", "", { "os": "android", "cpu": "arm64" }, "sha512-PPkxTOisoNC6TpnDKatjKkjRMsdaWIhyuMkA4UsBXT9WEZY4uHezBTjs6Vl4PbqQQeu6oION1w2voYZv9yquCw=="],

    "@rollup/rollup-darwin-arm64": ["@rollup/rollup-darwin-arm64@4.40.1", "", { "os": "darwin", "cpu": "arm64" }, "sha512-VWXGISWFY18v/0JyNUy4A46KCFCb9NVsH+1100XP31lud+TzlezBbz24CYzbnA4x6w4hx+NYCXDfnvDVO6lcAA=="],

    "@rollup/rollup-darwin-x64": ["@rollup/rollup-darwin-x64@4.40.1", "", { "os": "darwin", "cpu": "x64" }, "sha512-nIwkXafAI1/QCS7pxSpv/ZtFW6TXcNUEHAIA9EIyw5OzxJZQ1YDrX+CL6JAIQgZ33CInl1R6mHet9Y/UZTg2Bw=="],

    "@rollup/rollup-freebsd-arm64": ["@rollup/rollup-freebsd-arm64@4.40.1", "", { "os": "freebsd", "cpu": "arm64" }, "sha512-BdrLJ2mHTrIYdaS2I99mriyJfGGenSaP+UwGi1kB9BLOCu9SR8ZpbkmmalKIALnRw24kM7qCN0IOm6L0S44iWw=="],

    "@rollup/rollup-freebsd-x64": ["@rollup/rollup-freebsd-x64@4.40.1", "", { "os": "freebsd", "cpu": "x64" }, "sha512-VXeo/puqvCG8JBPNZXZf5Dqq7BzElNJzHRRw3vjBE27WujdzuOPecDPc/+1DcdcTptNBep3861jNq0mYkT8Z6Q=="],

    "@rollup/rollup-linux-arm-gnueabihf": ["@rollup/rollup-linux-arm-gnueabihf@4.40.1", "", { "os": "linux", "cpu": "arm" }, "sha512-ehSKrewwsESPt1TgSE/na9nIhWCosfGSFqv7vwEtjyAqZcvbGIg4JAcV7ZEh2tfj/IlfBeZjgOXm35iOOjadcg=="],

    "@rollup/rollup-linux-arm-musleabihf": ["@rollup/rollup-linux-arm-musleabihf@4.40.1", "", { "os": "linux", "cpu": "arm" }, "sha512-m39iO/aaurh5FVIu/F4/Zsl8xppd76S4qoID8E+dSRQvTyZTOI2gVk3T4oqzfq1PtcvOfAVlwLMK3KRQMaR8lg=="],

    "@rollup/rollup-linux-arm64-gnu": ["@rollup/rollup-linux-arm64-gnu@4.40.1", "", { "os": "linux", "cpu": "arm64" }, "sha512-Y+GHnGaku4aVLSgrT0uWe2o2Rq8te9hi+MwqGF9r9ORgXhmHK5Q71N757u0F8yU1OIwUIFy6YiJtKjtyktk5hg=="],

    "@rollup/rollup-linux-arm64-musl": ["@rollup/rollup-linux-arm64-musl@4.40.1", "", { "os": "linux", "cpu": "arm64" }, "sha512-jEwjn3jCA+tQGswK3aEWcD09/7M5wGwc6+flhva7dsQNRZZTe30vkalgIzV4tjkopsTS9Jd7Y1Bsj6a4lzz8gQ=="],

    "@rollup/rollup-linux-loongarch64-gnu": ["@rollup/rollup-linux-loongarch64-gnu@4.40.1", "", { "os": "linux", "cpu": "none" }, "sha512-ySyWikVhNzv+BV/IDCsrraOAZ3UaC8SZB67FZlqVwXwnFhPihOso9rPOxzZbjp81suB1O2Topw+6Ug3JNegejQ=="],

    "@rollup/rollup-linux-powerpc64le-gnu": ["@rollup/rollup-linux-powerpc64le-gnu@4.40.1", "", { "os": "linux", "cpu": "ppc64" }, "sha512-BvvA64QxZlh7WZWqDPPdt0GH4bznuL6uOO1pmgPnnv86rpUpc8ZxgZwcEgXvo02GRIZX1hQ0j0pAnhwkhwPqWg=="],

    "@rollup/rollup-linux-riscv64-gnu": ["@rollup/rollup-linux-riscv64-gnu@4.40.1", "", { "os": "linux", "cpu": "none" }, "sha512-EQSP+8+1VuSulm9RKSMKitTav89fKbHymTf25n5+Yr6gAPZxYWpj3DzAsQqoaHAk9YX2lwEyAf9S4W8F4l3VBQ=="],

    "@rollup/rollup-linux-riscv64-musl": ["@rollup/rollup-linux-riscv64-musl@4.40.1", "", { "os": "linux", "cpu": "none" }, "sha512-n/vQ4xRZXKuIpqukkMXZt9RWdl+2zgGNx7Uda8NtmLJ06NL8jiHxUawbwC+hdSq1rrw/9CghCpEONor+l1e2gA=="],

    "@rollup/rollup-linux-s390x-gnu": ["@rollup/rollup-linux-s390x-gnu@4.40.1", "", { "os": "linux", "cpu": "s390x" }, "sha512-h8d28xzYb98fMQKUz0w2fMc1XuGzLLjdyxVIbhbil4ELfk5/orZlSTpF/xdI9C8K0I8lCkq+1En2RJsawZekkg=="],

    "@rollup/rollup-linux-x64-gnu": ["@rollup/rollup-linux-x64-gnu@4.40.1", "", { "os": "linux", "cpu": "x64" }, "sha512-XiK5z70PEFEFqcNj3/zRSz/qX4bp4QIraTy9QjwJAb/Z8GM7kVUsD0Uk8maIPeTyPCP03ChdI+VVmJriKYbRHQ=="],

    "@rollup/rollup-linux-x64-musl": ["@rollup/rollup-linux-x64-musl@4.40.1", "", { "os": "linux", "cpu": "x64" }, "sha512-2BRORitq5rQ4Da9blVovzNCMaUlyKrzMSvkVR0D4qPuOy/+pMCrh1d7o01RATwVy+6Fa1WBw+da7QPeLWU/1mQ=="],

    "@rollup/rollup-win32-arm64-msvc": ["@rollup/rollup-win32-arm64-msvc@4.40.1", "", { "os": "win32", "cpu": "arm64" }, "sha512-b2bcNm9Kbde03H+q+Jjw9tSfhYkzrDUf2d5MAd1bOJuVplXvFhWz7tRtWvD8/ORZi7qSCy0idW6tf2HgxSXQSg=="],

    "@rollup/rollup-win32-ia32-msvc": ["@rollup/rollup-win32-ia32-msvc@4.40.1", "", { "os": "win32", "cpu": "ia32" }, "sha512-DfcogW8N7Zg7llVEfpqWMZcaErKfsj9VvmfSyRjCyo4BI3wPEfrzTtJkZG6gKP/Z92wFm6rz2aDO7/JfiR/whA=="],

    "@rollup/rollup-win32-x64-msvc": ["@rollup/rollup-win32-x64-msvc@4.40.1", "", { "os": "win32", "cpu": "x64" }, "sha512-ECyOuDeH3C1I8jH2MK1RtBJW+YPMvSfT0a5NN0nHfQYnDSJ6tUiZH3gzwVP5/Kfh/+Tt7tpWVF9LXNTnhTJ3kA=="],

    "@types/estree": ["@types/estree@1.0.7", "", {}, "sha512-w28IoSUCJpidD/TGviZwwMJckNESJZXFu7NBZ5YJ4mEUnNraUn9Pm8HSZm/jDF1pDWYKspWE7oVphigUPRakIQ=="],

    "@types/linkify-it": ["@types/linkify-it@5.0.0", "", {}, "sha512-sVDA58zAw4eWAffKOaQH5/5j3XeayukzDk+ewSsnv3p4yJEZHCCzMDiZM8e0OUrRvmpGZ85jf4yDHkHsgBNr9Q=="],

    "@types/markdown-it": ["@types/markdown-it@14.1.2", "", { "dependencies": { "@types/linkify-it": "^5", "@types/mdurl": "^2" } }, "sha512-promo4eFwuiW+TfGxhi+0x3czqTYJkG8qB17ZUJiVF10Xm7NLVRSLUsfRTU/6h1e24VvRnXCx+hG7li58lkzog=="],

    "@types/mdurl": ["@types/mdurl@2.0.0", "", {}, "sha512-RGdgjQUZba5p6QEFAVx2OGb8rQDL/cPRG7GiedRzMcJ1tYnUANBncjbSB1NRGwbvjcPeikRABz2nshyPk1bhWg=="],

    "@vitejs/plugin-vue": ["@vitejs/plugin-vue@5.2.3", "", { "peerDependencies": { "vite": "^5.0.0 || ^6.0.0", "vue": "^3.2.25" } }, "sha512-IYSLEQj4LgZZuoVpdSUCw3dIynTWQgPlaRP6iAvMle4My0HdYwr5g5wQAfwOeHQBmYwEkqF70nRpSilr6PoUDg=="],

    "@vue/compiler-core": ["@vue/compiler-core@3.5.13", "", { "dependencies": { "@babel/parser": "^7.25.3", "@vue/shared": "3.5.13", "entities": "^4.5.0", "estree-walker": "^2.0.2", "source-map-js": "^1.2.0" } }, "sha512-oOdAkwqUfW1WqpwSYJce06wvt6HljgY3fGeM9NcVA1HaYOij3mZG9Rkysn0OHuyUAGMbEbARIpsG+LPVlBJ5/Q=="],

    "@vue/compiler-dom": ["@vue/compiler-dom@3.5.13", "", { "dependencies": { "@vue/compiler-core": "3.5.13", "@vue/shared": "3.5.13" } }, "sha512-ZOJ46sMOKUjO3e94wPdCzQ6P1Lx/vhp2RSvfaab88Ajexs0AHeV0uasYhi99WPaogmBlRHNRuly8xV75cNTMDA=="],

    "@vue/compiler-sfc": ["@vue/compiler-sfc@3.5.13", "", { "dependencies": { "@babel/parser": "^7.25.3", "@vue/compiler-core": "3.5.13", "@vue/compiler-dom": "3.5.13", "@vue/compiler-ssr": "3.5.13", "@vue/shared": "3.5.13", "estree-walker": "^2.0.2", "magic-string": "^0.30.11", "postcss": "^8.4.48", "source-map-js": "^1.2.0" } }, "sha512-6VdaljMpD82w6c2749Zhf5T9u5uLBWKnVue6XWxprDobftnletJ8+oel7sexFfM3qIxNmVE7LSFGTpv6obNyaQ=="],

    "@vue/compiler-ssr": ["@vue/compiler-ssr@3.5.13", "", { "dependencies": { "@vue/compiler-dom": "3.5.13", "@vue/shared": "3.5.13" } }, "sha512-wMH6vrYHxQl/IybKJagqbquvxpWCuVYpoUJfCqFZwa/JY1GdATAQ+TgVtgrwwMZ0D07QhA99rs/EAAWfvG6KpA=="],

    "@vue/devtools-api": ["@vue/devtools-api@6.6.4", "", {}, "sha512-sGhTPMuXqZ1rVOk32RylztWkfXTRhuS7vgAKv0zjqk8gbsHkJ7xfFf+jbySxt7tWObEJwyKaHMikV/WGDiQm8g=="],

    "@vue/reactivity": ["@vue/reactivity@3.5.13", "", { "dependencies": { "@vue/shared": "3.5.13" } }, "sha512-NaCwtw8o48B9I6L1zl2p41OHo/2Z4wqYGGIK1Khu5T7yxrn+ATOixn/Udn2m+6kZKB/J7cuT9DbWWhRxqixACg=="],

    "@vue/runtime-core": ["@vue/runtime-core@3.5.13", "", { "dependencies": { "@vue/reactivity": "3.5.13", "@vue/shared": "3.5.13" } }, "sha512-Fj4YRQ3Az0WTZw1sFe+QDb0aXCerigEpw418pw1HBUKFtnQHWzwojaukAs2X/c9DQz4MQ4bsXTGlcpGxU/RCIw=="],

    "@vue/runtime-dom": ["@vue/runtime-dom@3.5.13", "", { "dependencies": { "@vue/reactivity": "3.5.13", "@vue/runtime-core": "3.5.13", "@vue/shared": "3.5.13", "csstype": "^3.1.3" } }, "sha512-dLaj94s93NYLqjLiyFzVs9X6dWhTdAlEAciC3Moq7gzAc13VJUdCnjjRurNM6uTLFATRHexHCTu/Xp3eW6yoog=="],

    "@vue/server-renderer": ["@vue/server-renderer@3.5.13", "", { "dependencies": { "@vue/compiler-ssr": "3.5.13", "@vue/shared": "3.5.13" }, "peerDependencies": { "vue": "3.5.13" } }, "sha512-wAi4IRJV/2SAW3htkTlB+dHeRmpTiVIK1OGLWV1yeStVSebSQQOwGwIq0D3ZIoBj2C2qpgz5+vX9iEBkTdk5YA=="],

    "@vue/shared": ["@vue/shared@3.5.13", "", {}, "sha512-/hnE/qP5ZoGpol0a5mDi45bOd7t3tjYJBjsgCsivow7D48cJeV5l05RD82lPqi7gRiphZM37rnhW1l6ZoCNNnQ=="],

    "argparse": ["argparse@2.0.1", "", {}, "sha512-8+9WqebbFzpX9OR+Wa6O29asIogeRMzcGtAINdpMHHyAg10f05aSFVBbcEqGf/PXw1EjAZ+q2/bEBg3DvurK3Q=="],

    "csstype": ["csstype@3.1.3", "", {}, "sha512-M1uQkMl8rQK/szD0LNhtqxIPLpimGm8sOBwU7lLnCpSbTyY3yeU1Vc7l4KT5zT4s/yOxHH5O7tIuuLOCnLADRw=="],

    "entities": ["entities@4.5.0", "", {}, "sha512-V0hjH4dGPh9Ao5p0MoRY6BVqtwCjhz6vI5LT8AJ55H+4g9/4vbHx1I54fS0XuclLhDHArPQCiMjDxjaL8fPxhw=="],

    "esbuild": ["esbuild@0.25.3", "", { "optionalDependencies": { "@esbuild/aix-ppc64": "0.25.3", "@esbuild/android-arm": "0.25.3", "@esbuild/android-arm64": "0.25.3", "@esbuild/android-x64": "0.25.3", "@esbuild/darwin-arm64": "0.25.3", "@esbuild/darwin-x64": "0.25.3", "@esbuild/freebsd-arm64": "0.25.3", "@esbuild/freebsd-x64": "0.25.3", "@esbuild/linux-arm": "0.25.3", "@esbuild/linux-arm64": "0.25.3", "@esbuild/linux-ia32": "0.25.3", "@esbuild/linux-loong64": "0.25.3", "@esbuild/linux-mips64el": "0.25.3", "@esbuild/linux-ppc64": "0.25.3", "@esbuild/linux-riscv64": "0.25.3", "@esbuild/linux-s390x": "0.25.3", "@esbuild/linux-x64": "0.25.3", "@esbuild/netbsd-arm64": "0.25.3", "@esbuild/netbsd-x64": "0.25.3", "@esbuild/openbsd-arm64": "0.25.3", "@esbuild/openbsd-x64": "0.25.3", "@esbuild/sunos-x64": "0.25.3", "@esbuild/win32-arm64": "0.25.3", "@esbuild/win32-ia32": "0.25.3", "@esbuild/win32-x64": "0.25.3" }, "bin": { "esbuild": "bin/esbuild" } }, "sha512-qKA6Pvai73+M2FtftpNKRxJ78GIjmFXFxd/1DVBqGo/qNhLSfv+G12n9pNoWdytJC8U00TrViOwpjT0zgqQS8Q=="],

    "estree-walker": ["estree-walker@2.0.2", "", {}, "sha512-Rfkk/Mp/DL7JVje3u18FxFujQlTNR2q6QfMSMB7AvCBx91NGj/ba3kCfza0f6dVDbw7YlRf/nDrn7pQrCCyQ/w=="],

    "fdir": ["fdir@6.4.4", "", { "peerDependencies": { "picomatch": "^3 || ^4" }, "optionalPeers": ["picomatch"] }, "sha512-1NZP+GK4GfuAv3PqKvxQRDMjdSRZjnkq7KfhlNrCNNlZ0ygQFpebfrnfnq/W7fpUnAv9aGWmY1zKx7FYL3gwhg=="],

    "fsevents": ["fsevents@2.3.3", "", { "os": "darwin" }, "sha512-5xoDfX+fL7faATnagmWPpbFtwh/R77WmMMqqHGS65C3vvB0YHrgF+B1YmZ3441tMj5n63k0212XNoJwzlhffQw=="],

    "highlight.js": ["highlight.js@11.11.1", "", {}, "sha512-Xwwo44whKBVCYoliBQwaPvtd/2tYFkRQtXDWj1nackaV2JPXx3L0+Jvd8/qCJ2p+ML0/XVkJ2q+Mr+UVdpJK5w=="],

    "linkify-it": ["linkify-it@5.0.0", "", { "dependencies": { "uc.micro": "^2.0.0" } }, "sha512-5aHCbzQRADcdP+ATqnDuhhJ/MRIqDkZX5pyjFHRRysS8vZ5AbqGEoFIb6pYHPZ+L/OC2Lc+xT8uHVVR5CAK/wQ=="],

    "lodash.flow": ["lodash.flow@3.5.0", "", {}, "sha512-ff3BX/tSioo+XojX4MOsOMhJw0nZoUEF011LX8g8d3gvjVbxd89cCio4BCXronjxcTUIJUoqKEUA+n4CqvvRPw=="],

    "magic-string": ["magic-string@0.30.17", "", { "dependencies": { "@jridgewell/sourcemap-codec": "^1.5.0" } }, "sha512-sNPKHvyjVf7gyjwS4xGTaW/mCnF8wnjtifKBEhxfZ7E/S8tQ0rssrwGNn6q8JH/ohItJfSQp9mBtQYuTlH5QnA=="],

    "markdown-it": ["markdown-it@14.1.0", "", { "dependencies": { "argparse": "^2.0.1", "entities": "^4.4.0", "linkify-it": "^5.0.0", "mdurl": "^2.0.0", "punycode.js": "^2.3.1", "uc.micro": "^2.1.0" }, "bin": { "markdown-it": "bin/markdown-it.mjs" } }, "sha512-a54IwgWPaeBCAAsv13YgmALOF1elABB08FxO9i+r4VFk5Vl4pKokRPeX8u5TCgSsPi6ec1otfLjdOpVcgbpshg=="],

    "markdown-it-abbr": ["markdown-it-abbr@1.0.4", "", {}, "sha512-ZeA4Z4SaBbYysZap5iZcxKmlPL6bYA8grqhzJIHB1ikn7njnzaP8uwbtuXc4YXD5LicI4/2Xmc0VwmSiFV04gg=="],

    "markdown-it-anchor": ["markdown-it-anchor@8.6.7", "", { "peerDependencies": { "@types/markdown-it": "*", "markdown-it": "*" } }, "sha512-FlCHFwNnutLgVTflOYHPW2pPcl2AACqVzExlkGQNsi4CJgqOHN7YTgDd4LuhgN1BFO3TS0vLAruV1Td6dwWPJA=="],

    "markdown-it-deflist": ["markdown-it-deflist@2.1.0", "", {}, "sha512-3OuqoRUlSxJiuQYu0cWTLHNhhq2xtoSFqsZK8plANg91+RJQU1ziQ6lA2LzmFAEes18uPBsHZpcX6We5l76Nzg=="],

    "markdown-it-emoji": ["markdown-it-emoji@2.0.2", "", {}, "sha512-zLftSaNrKuYl0kR5zm4gxXjHaOI3FAOEaloKmRA5hijmJZvSjmxcokOLlzycb/HXlUFWzXqpIEoyEMCE4i9MvQ=="],

    "markdown-it-footnote": ["markdown-it-footnote@3.0.3", "", {}, "sha512-YZMSuCGVZAjzKMn+xqIco9d1cLGxbELHZ9do/TSYVzraooV8ypsppKNmUJ0fVH5ljkCInQAtFpm8Rb3eXSrt5w=="],

    "markdown-it-highlightjs": ["markdown-it-highlightjs@3.6.0", "", { "dependencies": { "highlight.js": "^11.3.1", "lodash.flow": "^3.5.0" } }, "sha512-ex+Lq3cVkprh0GpGwFyc53A/rqY6GGzopPCG1xMsf8Ya3XtGC8Uw9tChN1rWbpyDae7tBBhVHVcMM29h4Btamw=="],

    "markdown-it-ins": ["markdown-it-ins@3.0.1", "", {}, "sha512-32SSfZqSzqyAmmQ4SHvhxbFqSzPDqsZgMHDwxqPzp+v+t8RsmqsBZRG+RfRQskJko9PfKC2/oxyOs4Yg/CfiRw=="],

    "markdown-it-mark": ["markdown-it-mark@3.0.1", "", {}, "sha512-HyxjAu6BRsdt6Xcv6TKVQnkz/E70TdGXEFHRYBGLncRE9lBFwDNLVtFojKxjJWgJ+5XxUwLaHXy+2sGBbDn+4A=="],

    "markdown-it-sub": ["markdown-it-sub@1.0.0", "", {}, "sha512-z2Rm/LzEE1wzwTSDrI+FlPEveAAbgdAdPhdWarq/ZGJrGW/uCQbKAnhoCsE4hAbc3SEym26+W2z/VQB0cQiA9Q=="],

    "markdown-it-sup": ["markdown-it-sup@1.0.0", "", {}, "sha512-E32m0nV9iyhRR7CrhnzL5msqic7rL1juWre6TQNxsnApg7Uf+F97JOKxUijg5YwXz86lZ0mqfOnutoryyNdntQ=="],

    "markdown-it-task-lists": ["markdown-it-task-lists@2.1.1", "", {}, "sha512-TxFAc76Jnhb2OUu+n3yz9RMu4CwGfaT788br6HhEDlvWfdeJcLUsxk1Hgw2yJio0OXsxv7pyIPmvECY7bMbluA=="],

    "markdown-it-toc-done-right": ["markdown-it-toc-done-right@4.2.0", "", {}, "sha512-UB/IbzjWazwTlNAX0pvWNlJS8NKsOQ4syrXZQ/C72j+jirrsjVRT627lCaylrKJFBQWfRsPmIVQie8x38DEhAQ=="],

    "mdurl": ["mdurl@2.0.0", "", {}, "sha512-Lf+9+2r+Tdp5wXDXC4PcIBjTDtq4UKjCPMQhKIuzpJNW0b96kVqSwW0bT7FhRSfmAiFYgP+SCRvdrDozfh0U5w=="],

    "nanoid": ["nanoid@3.3.11", "", { "bin": { "nanoid": "bin/nanoid.cjs" } }, "sha512-N8SpfPUnUp1bK+PMYW8qSWdl9U+wwNWI4QKxOYDy9JAro3WMX7p2OeVRF9v+347pnakNevPmiHhNmZ2HbFA76w=="],

    "picocolors": ["picocolors@1.1.1", "", {}, "sha512-xceH2snhtb5M9liqDsmEw56le376mTZkEX/jEb/RxNFyegNul7eNslCXP9FDj/Lcu0X8KEyMceP2ntpaHrDEVA=="],

    "picomatch": ["picomatch@4.0.2", "", {}, "sha512-M7BAV6Rlcy5u+m6oPhAPFgJTzAioX/6B0DxyvDlo9l8+T3nLKbrczg2WLUyzd45L8RqfUMyGPzekbMvX2Ldkwg=="],

    "postcss": ["postcss@8.5.3", "", { "dependencies": { "nanoid": "^3.3.8", "picocolors": "^1.1.1", "source-map-js": "^1.2.1" } }, "sha512-dle9A3yYxlBSrt8Fu+IpjGT8SY8hN0mlaA6GY8t0P5PjIOZemULz/E2Bnm/2dcUOena75OTNkHI76uZBNUUq3A=="],

    "punycode.js": ["punycode.js@2.3.1", "", {}, "sha512-uxFIHU0YlHYhDQtV4R9J6a52SLx28BCjT+4ieh7IGbgwVJWO+km431c4yRlREUAsAmt/uMjQUyQHNEPf0M39CA=="],

    "rollup": ["rollup@4.40.1", "", { "dependencies": { "@types/estree": "1.0.7" }, "optionalDependencies": { "@rollup/rollup-android-arm-eabi": "4.40.1", "@rollup/rollup-android-arm64": "4.40.1", "@rollup/rollup-darwin-arm64": "4.40.1", "@rollup/rollup-darwin-x64": "4.40.1", "@rollup/rollup-freebsd-arm64": "4.40.1", "@rollup/rollup-freebsd-x64": "4.40.1", "@rollup/rollup-linux-arm-gnueabihf": "4.40.1", "@rollup/rollup-linux-arm-musleabihf": "4.40.1", "@rollup/rollup-linux-arm64-gnu": "4.40.1", "@rollup/rollup-linux-arm64-musl": "4.40.1", "@rollup/rollup-linux-loongarch64-gnu": "4.40.1", "@rollup/rollup-linux-powerpc64le-gnu": "4.40.1", "@rollup/rollup-linux-riscv64-gnu": "4.40.1", "@rollup/rollup-linux-riscv64-musl": "4.40.1", "@rollup/rollup-linux-s390x-gnu": "4.40.1", "@rollup/rollup-linux-x64-gnu": "4.40.1", "@rollup/rollup-linux-x64-musl": "4.40.1", "@rollup/rollup-win32-arm64-msvc": "4.40.1", "@rollup/rollup-win32-ia32-msvc": "4.40.1", "@rollup/rollup-win32-x64-msvc": "4.40.1", "fsevents": "~2.3.2" }, "bin": { "rollup": "dist/bin/rollup" } }, "sha512-C5VvvgCCyfyotVITIAv+4efVytl5F7wt+/I2i9q9GZcEXW9BP52YYOXC58igUi+LFZVHukErIIqQSWwv/M3WRw=="],

    "source-map-js": ["source-map-js@1.2.1", "", {}, "sha512-UXWMKhLOwVKb728IUtQPXxfYU+usdybtUrK/8uGE8CQMvrhOpwvzDBwj0QhSL7MQc7vIsISBG8VQ8+IDQxpfQA=="],

    "tinyglobby": ["tinyglobby@0.2.13", "", { "dependencies": { "fdir": "^6.4.4", "picomatch": "^4.0.2" } }, "sha512-mEwzpUgrLySlveBwEVDMKk5B57bhLPYovRfPAXD5gA/98Opn0rCDj3GtLwFvCvH5RK9uPCExUROW5NjDwvqkxw=="],

    "uc.micro": ["uc.micro@2.1.0", "", {}, "sha512-ARDJmphmdvUk6Glw7y9DQ2bFkKBHwQHLi2lsaH6PPmz/Ka9sFOBsBluozhDltWmnv9u/cF6Rt87znRTPV+yp/A=="],

    "vite": ["vite@6.3.4", "", { "dependencies": { "esbuild": "^0.25.0", "fdir": "^6.4.4", "picomatch": "^4.0.2", "postcss": "^8.5.3", "rollup": "^4.34.9", "tinyglobby": "^0.2.13" }, "optionalDependencies": { "fsevents": "~2.3.3" }, "peerDependencies": { "@types/node": "^18.0.0 || ^20.0.0 || >=22.0.0", "jiti": ">=1.21.0", "less": "*", "lightningcss": "^1.21.0", "sass": "*", "sass-embedded": "*", "stylus": "*", "sugarss": "*", "terser": "^5.16.0", "tsx": "^4.8.1", "yaml": "^2.4.2" }, "optionalPeers": ["@types/node", "jiti", "less", "lightningcss", "sass", "sass-embedded", "stylus", "sugarss", "terser", "tsx", "yaml"], "bin": { "vite": "bin/vite.js" } }, "sha512-BiReIiMS2fyFqbqNT/Qqt4CVITDU9M9vE+DKcVAsB+ZV0wvTKd+3hMbkpxz1b+NmEDMegpVbisKiAZOnvO92Sw=="],

    "vue": ["vue@3.5.13", "", { "dependencies": { "@vue/compiler-dom": "3.5.13", "@vue/compiler-sfc": "3.5.13", "@vue/runtime-dom": "3.5.13", "@vue/server-renderer": "3.5.13", "@vue/shared": "3.5.13" }, "peerDependencies": { "typescript": "*" }, "optionalPeers": ["typescript"] }, "sha512-wmeiSMxkZCSc+PM2w2VRsOYAZC8GdipNFRTsLSfodVqI9mbejKeXEGr8SckuLnrQPGe3oJN5c3K0vpoU9q/wCQ=="],

    "vue-router": ["vue-router@4.5.1", "", { "dependencies": { "@vue/devtools-api": "^6.6.4" }, "peerDependencies": { "vue": "^3.2.0" } }, "sha512-ogAF3P97NPm8fJsE4by9dwSYtDwXIY1nFY9T6DyQnGHd1E2Da94w9JIolpe42LJGIl0DwOHBi8TcRPlPGwbTtw=="],

    "vue3-markdown-it": ["vue3-markdown-it@1.0.10", "", { "dependencies": { "markdown-it": "^12.3.2", "markdown-it-abbr": "^1.0.4", "markdown-it-anchor": "^8.4.1", "markdown-it-deflist": "^2.1.0", "markdown-it-emoji": "^2.0.0", "markdown-it-footnote": "^3.0.3", "markdown-it-highlightjs": "^3.6.0", "markdown-it-ins": "^3.0.1", "markdown-it-mark": "^3.0.1", "markdown-it-sub": "^1.0.0", "markdown-it-sup": "^1.0.0", "markdown-it-task-lists": "^2.1.1", "markdown-it-toc-done-right": "^4.2.0" } }, "sha512-mTvHu0zl7jrh7ojgaZ+tTpCLiS4CVg4bTgTu4KGhw/cRRY5YgIG8QgFAPu6kCzSW6Znc9a52Beb6hFvF4hSMkQ=="],

    "vue3-markdown-it/markdown-it": ["markdown-it@12.3.2", "", { "dependencies": { "argparse": "^2.0.1", "entities": "~2.1.0", "linkify-it": "^3.0.1", "mdurl": "^1.0.1", "uc.micro": "^1.0.5" }, "bin": { "markdown-it": "bin/markdown-it.js" } }, "sha512-TchMembfxfNVpHkbtriWltGWc+m3xszaRD0CZup7GFFhzIgQqxIfn3eGj1yZpfuflzPvfkt611B2Q/Bsk1YnGg=="],

    "vue3-markdown-it/markdown-it/entities": ["entities@2.1.0", "", {}, "sha512-hCx1oky9PFrJ611mf0ifBLBRW8lUUVRlFolb5gWRfIELabBlbp9xZvrqZLZAs+NxFnbfQoeGd8wDkygjg7U85w=="],

    "vue3-markdown-it/markdown-it/linkify-it": ["linkify-it@3.0.3", "", { "dependencies": { "uc.micro": "^1.0.1" } }, "sha512-ynTsyrFSdE5oZ/O9GEf00kPngmOfVwazR5GKDq6EYfhlpFug3J2zybX56a2PRRpc9P+FuSoGNAwjlbDs9jJBPQ=="],

    "vue3-markdown-it/markdown-it/mdurl": ["mdurl@1.0.1", "", {}, "sha512-/sKlQJCBYVY9Ers9hqzKou4H6V5UWc/M59TH2dvkt+84itfnq7uFOMLpOiOS4ujvHP4etln18fmIxA5R5fll0g=="],

    "vue3-markdown-it/markdown-it/uc.micro": ["uc.micro@1.0.6", "", {}, "sha512-8Y75pvTYkLJW2hWQHXxoqRgV7qb9B+9vFEtidML+7koHUFapnVJAZ6cKs+Qjz5Aw3aZWHMC6u0wJE3At+nSGwA=="],
  }
}
